
Microsoft Visual Studio Solution File, Format Version 12.00
# Visual Studio 15
VisualStudioVersion = 15.0.27130.2024
MinimumVisualStudioVersion = 10.0.40219.1
Project("{FAE04EC0-301F-11D3-BF4B-00C04F79EFBC}") = "carManagerMVC", "carManagerMVC\carManagerMVC.csproj", "{FAD7D111-5041-4D42-9658-7752372A9D8D}"
EndProject
Project("{FAE04EC0-301F-11D3-BF4B-00C04F79EFBC}") = "VehicleLibrary1", "VehicleLibrary1\VehicleLibrary1.csproj", "{7DCB29F1-5EB4-42BA-B285-28F506E2801B}"
EndProject
Global
	GlobalSection(SolutionConfigurationPlatforms) = preSolution
		Debug|Any CPU = Debug|Any CPU
		Release|Any CPU = Release|Any CPU
	EndGlobalSection
	GlobalSection(ProjectConfigurationPlatforms) = postSolution
		{FAD7D111-5041-4D42-9658-7752372A9D8D}.Debug|Any CPU.ActiveCfg = Debug|Any CPU
		{FAD7D111-5041-4D42-9658-7752372A9D8D}.Debug|Any CPU.Build.0 = Debug|Any CPU
		{FAD7D111-5041-4D42-9658-7752372A9D8D}.Release|Any CPU.ActiveCfg = Release|Any CPU
		{FAD7D111-5041-4D42-9658-7752372A9D8D}.Release|Any CPU.Build.0 = Release|Any CPU
		{7DCB29F1-5EB4-42BA-B285-28F506E2801B}.Debug|Any CPU.ActiveCfg = Debug|Any CPU
		{7DCB29F1-5EB4-42BA-B285-28F506E2801B}.Debug|Any CPU.Build.0 = Debug|Any CPU
		{7DCB29F1-5EB4-42BA-B285-28F506E2801B}.Release|Any CPU.ActiveCfg = Release|Any CPU
		{7DCB29F1-5EB4-42BA-B285-28F506E2801B}.Release|Any CPU.Build.0 = Release|Any CPU
	EndGlobalSection
	GlobalSection(SolutionProperties) = preSolution
		HideSolutionNode = FALSE
	EndGlobalSection
	GlobalSection(ExtensibilityGlobals) = postSolution
		SolutionGuid = {9EE99F67-2801-4984-B8FE-E13C75EADC1B}
	EndGlobalSection
EndGlobal
